
Microsoft Visual Studio Solution File, Format Version 12.00
# Visual Studio Version 17
VisualStudioVersion = 17.0.31903.59
MinimumVisualStudioVersion = 10.0.40219.1
Project("{2150E333-8FDC-42A3-9474-1A3956D46DE8}") = "src", "src", "{827E0CD3-B72D-47B6-A68D-7590B98EB39B}"
EndProject
Project("{FAE04EC0-301F-11D3-BF4B-00C04F79EFBC}") = "Potato.Core", "src\Potato.Core\Potato.Core.csproj", "{AF39F6BB-3997-4FFF-9589-AF9E21B221A4}"
EndProject
Project("{FAE04EC0-301F-11D3-BF4B-00C04F79EFBC}") = "Potato.Infrastructure", "src\Potato.Infrastructure\Potato.Infrastructure.csproj", "{0F498565-FE91-4996-8681-85EAAEA16822}"
EndProject
Project("{FAE04EC0-301F-11D3-BF4B-00C04F79EFBC}") = "Potato.Client", "src\Potato.Client\Potato.Client.csproj", "{4AD6A091-800F-4BCA-9CBE-838E5A0C256F}"
EndProject
Project("{2150E333-8FDC-42A3-9474-1A3956D46DE8}") = "tests", "tests", "{0AB3BF05-4346-4AA6-1389-037BE0695223}"
EndProject
Project("{FAE04EC0-301F-11D3-BF4B-00C04F79EFBC}") = "Potato.Core.Tests", "tests\Potato.Core.Tests\Potato.Core.Tests.csproj", "{B3D050B6-7A56-43AE-AA8F-92726D27752D}"
EndProject
Project("{FAE04EC0-301F-11D3-BF4B-00C04F79EFBC}") = "Potato.Infrastructure.Tests", "tests\Potato.Infrastructure.Tests\Potato.Infrastructure.Tests.csproj", "{358EC745-19FD-41C0-8980-05ADBD947911}"
EndProject
Project("{FAE04EC0-301F-11D3-BF4B-00C04F79EFBC}") = "Potato.Client.Tests", "tests\Potato.Client.Tests\Potato.Client.Tests.csproj", "{922739F5-842A-45EF-8775-B0042608D12B}"
EndProject
Global
	GlobalSection(SolutionConfigurationPlatforms) = preSolution
		Debug|Any CPU = Debug|Any CPU
		Debug|x64 = Debug|x64
		Debug|x86 = Debug|x86
		Release|Any CPU = Release|Any CPU
		Release|x64 = Release|x64
		Release|x86 = Release|x86
	EndGlobalSection
	GlobalSection(ProjectConfigurationPlatforms) = postSolution
		{AF39F6BB-3997-4FFF-9589-AF9E21B221A4}.Debug|Any CPU.ActiveCfg = Debug|Any CPU
		{AF39F6BB-3997-4FFF-9589-AF9E21B221A4}.Debug|Any CPU.Build.0 = Debug|Any CPU
		{AF39F6BB-3997-4FFF-9589-AF9E21B221A4}.Debug|x64.ActiveCfg = Debug|Any CPU
		{AF39F6BB-3997-4FFF-9589-AF9E21B221A4}.Debug|x64.Build.0 = Debug|Any CPU
		{AF39F6BB-3997-4FFF-9589-AF9E21B221A4}.Debug|x86.ActiveCfg = Debug|Any CPU
		{AF39F6BB-3997-4FFF-9589-AF9E21B221A4}.Debug|x86.Build.0 = Debug|Any CPU
		{AF39F6BB-3997-4FFF-9589-AF9E21B221A4}.Release|Any CPU.ActiveCfg = Release|Any CPU
		{AF39F6BB-3997-4FFF-9589-AF9E21B221A4}.Release|Any CPU.Build.0 = Release|Any CPU
		{AF39F6BB-3997-4FFF-9589-AF9E21B221A4}.Release|x64.ActiveCfg = Release|Any CPU
		{AF39F6BB-3997-4FFF-9589-AF9E21B221A4}.Release|x64.Build.0 = Release|Any CPU
		{AF39F6BB-3997-4FFF-9589-AF9E21B221A4}.Release|x86.ActiveCfg = Release|Any CPU
		{AF39F6BB-3997-4FFF-9589-AF9E21B221A4}.Release|x86.Build.0 = Release|Any CPU
		{0F498565-FE91-4996-8681-85EAAEA16822}.Debug|Any CPU.ActiveCfg = Debug|Any CPU
		{0F498565-FE91-4996-8681-85EAAEA16822}.Debug|Any CPU.Build.0 = Debug|Any CPU
		{0F498565-FE91-4996-8681-85EAAEA16822}.Debug|x64.ActiveCfg = Debug|Any CPU
		{0F498565-FE91-4996-8681-85EAAEA16822}.Debug|x64.Build.0 = Debug|Any CPU
		{0F498565-FE91-4996-8681-85EAAEA16822}.Debug|x86.ActiveCfg = Debug|Any CPU
		{0F498565-FE91-4996-8681-85EAAEA16822}.Debug|x86.Build.0 = Debug|Any CPU
		{0F498565-FE91-4996-8681-85EAAEA16822}.Release|Any CPU.ActiveCfg = Release|Any CPU
		{0F498565-FE91-4996-8681-85EAAEA16822}.Release|Any CPU.Build.0 = Release|Any CPU
		{0F498565-FE91-4996-8681-85EAAEA16822}.Release|x64.ActiveCfg = Release|Any CPU
		{0F498565-FE91-4996-8681-85EAAEA16822}.Release|x64.Build.0 = Release|Any CPU
		{0F498565-FE91-4996-8681-85EAAEA16822}.Release|x86.ActiveCfg = Release|Any CPU
		{0F498565-FE91-4996-8681-85EAAEA16822}.Release|x86.Build.0 = Release|Any CPU
		{4AD6A091-800F-4BCA-9CBE-838E5A0C256F}.Debug|Any CPU.ActiveCfg = Debug|Any CPU
		{4AD6A091-800F-4BCA-9CBE-838E5A0C256F}.Debug|Any CPU.Build.0 = Debug|Any CPU
		{4AD6A091-800F-4BCA-9CBE-838E5A0C256F}.Debug|x64.ActiveCfg = Debug|Any CPU
		{4AD6A091-800F-4BCA-9CBE-838E5A0C256F}.Debug|x64.Build.0 = Debug|Any CPU
		{4AD6A091-800F-4BCA-9CBE-838E5A0C256F}.Debug|x86.ActiveCfg = Debug|Any CPU
		{4AD6A091-800F-4BCA-9CBE-838E5A0C256F}.Debug|x86.Build.0 = Debug|Any CPU
		{4AD6A091-800F-4BCA-9CBE-838E5A0C256F}.Release|Any CPU.ActiveCfg = Release|Any CPU
		{4AD6A091-800F-4BCA-9CBE-838E5A0C256F}.Release|Any CPU.Build.0 = Release|Any CPU
		{4AD6A091-800F-4BCA-9CBE-838E5A0C256F}.Release|x64.ActiveCfg = Release|Any CPU
		{4AD6A091-800F-4BCA-9CBE-838E5A0C256F}.Release|x64.Build.0 = Release|Any CPU
		{4AD6A091-800F-4BCA-9CBE-838E5A0C256F}.Release|x86.ActiveCfg = Release|Any CPU
		{4AD6A091-800F-4BCA-9CBE-838E5A0C256F}.Release|x86.Build.0 = Release|Any CPU
		{B3D050B6-7A56-43AE-AA8F-92726D27752D}.Debug|Any CPU.ActiveCfg = Debug|Any CPU
		{B3D050B6-7A56-43AE-AA8F-92726D27752D}.Debug|Any CPU.Build.0 = Debug|Any CPU
		{B3D050B6-7A56-43AE-AA8F-92726D27752D}.Debug|x64.ActiveCfg = Debug|Any CPU
		{B3D050B6-7A56-43AE-AA8F-92726D27752D}.Debug|x64.Build.0 = Debug|Any CPU
		{B3D050B6-7A56-43AE-AA8F-92726D27752D}.Debug|x86.ActiveCfg = Debug|Any CPU
		{B3D050B6-7A56-43AE-AA8F-92726D27752D}.Debug|x86.Build.0 = Debug|Any CPU
		{B3D050B6-7A56-43AE-AA8F-92726D27752D}.Release|Any CPU.ActiveCfg = Release|Any CPU
		{B3D050B6-7A56-43AE-AA8F-92726D27752D}.Release|Any CPU.Build.0 = Release|Any CPU
		{B3D050B6-7A56-43AE-AA8F-92726D27752D}.Release|x64.ActiveCfg = Release|Any CPU
		{B3D050B6-7A56-43AE-AA8F-92726D27752D}.Release|x64.Build.0 = Release|Any CPU
		{B3D050B6-7A56-43AE-AA8F-92726D27752D}.Release|x86.ActiveCfg = Release|Any CPU
		{B3D050B6-7A56-43AE-AA8F-92726D27752D}.Release|x86.Build.0 = Release|Any CPU
		{358EC745-19FD-41C0-8980-05ADBD947911}.Debug|Any CPU.ActiveCfg = Debug|Any CPU
		{358EC745-19FD-41C0-8980-05ADBD947911}.Debug|Any CPU.Build.0 = Debug|Any CPU
		{358EC745-19FD-41C0-8980-05ADBD947911}.Debug|x64.ActiveCfg = Debug|Any CPU
		{358EC745-19FD-41C0-8980-05ADBD947911}.Debug|x64.Build.0 = Debug|Any CPU
		{358EC745-19FD-41C0-8980-05ADBD947911}.Debug|x86.ActiveCfg = Debug|Any CPU
		{358EC745-19FD-41C0-8980-05ADBD947911}.Debug|x86.Build.0 = Debug|Any CPU
		{358EC745-19FD-41C0-8980-05ADBD947911}.Release|Any CPU.ActiveCfg = Release|Any CPU
		{358EC745-19FD-41C0-8980-05ADBD947911}.Release|Any CPU.Build.0 = Release|Any CPU
		{358EC745-19FD-41C0-8980-05ADBD947911}.Release|x64.ActiveCfg = Release|Any CPU
		{358EC745-19FD-41C0-8980-05ADBD947911}.Release|x64.Build.0 = Release|Any CPU
		{358EC745-19FD-41C0-8980-05ADBD947911}.Release|x86.ActiveCfg = Release|Any CPU
		{358EC745-19FD-41C0-8980-05ADBD947911}.Release|x86.Build.0 = Release|Any CPU
		{922739F5-842A-45EF-8775-B0042608D12B}.Debug|Any CPU.ActiveCfg = Debug|Any CPU
		{922739F5-842A-45EF-8775-B0042608D12B}.Debug|Any CPU.Build.0 = Debug|Any CPU
		{922739F5-842A-45EF-8775-B0042608D12B}.Debug|x64.ActiveCfg = Debug|Any CPU
		{922739F5-842A-45EF-8775-B0042608D12B}.Debug|x64.Build.0 = Debug|Any CPU
		{922739F5-842A-45EF-8775-B0042608D12B}.Debug|x86.ActiveCfg = Debug|Any CPU
		{922739F5-842A-45EF-8775-B0042608D12B}.Debug|x86.Build.0 = Debug|Any CPU
		{922739F5-842A-45EF-8775-B0042608D12B}.Release|Any CPU.ActiveCfg = Release|Any CPU
		{922739F5-842A-45EF-8775-B0042608D12B}.Release|Any CPU.Build.0 = Release|Any CPU
		{922739F5-842A-45EF-8775-B0042608D12B}.Release|x64.ActiveCfg = Release|Any CPU
		{922739F5-842A-45EF-8775-B0042608D12B}.Release|x64.Build.0 = Release|Any CPU
		{922739F5-842A-45EF-8775-B0042608D12B}.Release|x86.ActiveCfg = Release|Any CPU
		{922739F5-842A-45EF-8775-B0042608D12B}.Release|x86.Build.0 = Release|Any CPU
	EndGlobalSection
	GlobalSection(SolutionProperties) = preSolution
		HideSolutionNode = FALSE
	EndGlobalSection
	GlobalSection(NestedProjects) = preSolution
		{AF39F6BB-3997-4FFF-9589-AF9E21B221A4} = {827E0CD3-B72D-47B6-A68D-7590B98EB39B}
		{0F498565-FE91-4996-8681-85EAAEA16822} = {827E0CD3-B72D-47B6-A68D-7590B98EB39B}
		{4AD6A091-800F-4BCA-9CBE-838E5A0C256F} = {827E0CD3-B72D-47B6-A68D-7590B98EB39B}
		{B3D050B6-7A56-43AE-AA8F-92726D27752D} = {0AB3BF05-4346-4AA6-1389-037BE0695223}
		{358EC745-19FD-41C0-8980-05ADBD947911} = {0AB3BF05-4346-4AA6-1389-037BE0695223}
		{922739F5-842A-45EF-8775-B0042608D12B} = {0AB3BF05-4346-4AA6-1389-037BE0695223}
	EndGlobalSection
EndGlobal
